// !$*UTF8*$!
{
	archiveVersion = 1;
	classes = {
	};
	objectVersion = 60;
	objects = {

/* Begin PBXBuildFile section */
		D00000000000000000000001 /* APIClient.swift in Sources */ = {isa = PBXBuildFile; fileRef = C00000000000000000000001 /* APIClient.swift */; };
		D00000000000000000000002 /* AppModel.swift in Sources */ = {isa = PBXBuildFile; fileRef = C00000000000000000000002 /* AppModel.swift */; };
		D00000000000000000000042 /* AppCommandQueue.swift in Sources */ = {isa = PBXBuildFile; fileRef = C00000000000000000000042 /* AppCommandQueue.swift */; };
		D00000000000000000000043 /* AppCommandExecutor.swift in Sources */ = {isa = PBXBuildFile; fileRef = C00000000000000000000043 /* AppCommandExecutor.swift */; };
		D00000000000000000000046 /* CommandUITestSupport.swift in Sources */ = {isa = PBXBuildFile; fileRef = C00000000000000000000046 /* CommandUITestSupport.swift */; };
		D00000000000000000000041 /* AppCommand.swift in Sources */ = {isa = PBXBuildFile; fileRef = C00000000000000000000041 /* AppCommand.swift */; };
		D00000000000000000000003 /* Base64URL.swift in Sources */ = {isa = PBXBuildFile; fileRef = C00000000000000000000003 /* Base64URL.swift */; };
		D00000000000000000000004 /* ContentView.swift in Sources */ = {isa = PBXBuildFile; fileRef = C00000000000000000000004 /* ContentView.swift */; };
		D00000000000000000000005 /* CryptoEngine.swift in Sources */ = {isa = PBXBuildFile; fileRef = C00000000000000000000005 /* CryptoEngine.swift */; };
		D00000000000000000000006 /* EventDecoder.swift in Sources */ = {isa = PBXBuildFile; fileRef = C00000000000000000000006 /* EventDecoder.swift */; };
		D00000000000000000000007 /* JoinSessionView.swift in Sources */ = {isa = PBXBuildFile; fileRef = C00000000000000000000007 /* JoinSessionView.swift */; };
		D00000000000000000000008 /* KeychainVault.swift in Sources */ = {isa = PBXBuildFile; fileRef = C00000000000000000000008 /* KeychainVault.swift */; };
		D00000000000000000000009 /* Models.swift in Sources */ = {isa = PBXBuildFile; fileRef = C00000000000000000000009 /* Models.swift */; };
		D0000000000000000000000A /* OpecoApp.swift in Sources */ = {isa = PBXBuildFile; fileRef = C0000000000000000000000A /* OpecoApp.swift */; };
		D0000000000000000000000B /* PairingLink.swift in Sources */ = {isa = PBXBuildFile; fileRef = C0000000000000000000000B /* PairingLink.swift */; };
		D0000000000000000000000C /* ProtocolError.swift in Sources */ = {isa = PBXBuildFile; fileRef = C0000000000000000000000C /* ProtocolError.swift */; };
		D0000000000000000000000D /* QRScannerView.swift in Sources */ = {isa = PBXBuildFile; fileRef = C0000000000000000000000D /* QRScannerView.swift */; };
		D0000000000000000000000E /* Assets.xcassets in Resources */ = {isa = PBXBuildFile; fileRef = C0000000000000000000000E /* Assets.xcassets */; };
		D0000000000000000000000F /* ProtocolTests.swift in Sources */ = {isa = PBXBuildFile; fileRef = C00000000000000000000010 /* ProtocolTests.swift */; };
		D00000000000000000000044 /* AppCommandQueueTests.swift in Sources */ = {isa = PBXBuildFile; fileRef = C00000000000000000000044 /* AppCommandQueueTests.swift */; };
		D00000000000000000000045 /* AppCommandExecutorTests.swift in Sources */ = {isa = PBXBuildFile; fileRef = C00000000000000000000045 /* AppCommandExecutorTests.swift */; };
		D00000000000000000000047 /* AppCommandTestSupport.swift in Sources */ = {isa = PBXBuildFile; fileRef = C00000000000000000000047 /* AppCommandTestSupport.swift */; };
		D00000000000000000000048 /* DismissCommandTests.swift in Sources */ = {isa = PBXBuildFile; fileRef = C00000000000000000000048 /* DismissCommandTests.swift */; };
		D00000000000000000000010 /* AppDelegate.swift in Sources */ = {isa = PBXBuildFile; fileRef = C00000000000000000000011 /* AppDelegate.swift */; };
		D00000000000000000000011 /* PushCoordinator.swift in Sources */ = {isa = PBXBuildFile; fileRef = C00000000000000000000012 /* PushCoordinator.swift */; };
		D00000000000000000000012 /* DeviceGroupFlowUITests.swift in Sources */ = {isa = PBXBuildFile; fileRef = C00000000000000000000014 /* DeviceGroupFlowUITests.swift */; };
		D00000000000000000000013 /* WidgetSnapshot.swift in Sources */ = {isa = PBXBuildFile; fileRef = C00000000000000000000015 /* WidgetSnapshot.swift */; };
		D00000000000000000000014 /* WidgetSnapshotBuilder.swift in Sources */ = {isa = PBXBuildFile; fileRef = C00000000000000000000016 /* WidgetSnapshotBuilder.swift */; };
		D00000000000000000000015 /* WidgetSnapshotStore.swift in Sources */ = {isa = PBXBuildFile; fileRef = C00000000000000000000017 /* WidgetSnapshotStore.swift */; };
		AB1000000000000000000001 /* APIClient.swift in Sources */ = {isa = PBXBuildFile; fileRef = C00000000000000000000001 /* APIClient.swift */; };
		AB1000000000000000000002 /* AppModel.swift in Sources */ = {isa = PBXBuildFile; fileRef = C00000000000000000000002 /* AppModel.swift */; };
		AB1000000000000000000042 /* AppCommandQueue.swift in Sources */ = {isa = PBXBuildFile; fileRef = C00000000000000000000042 /* AppCommandQueue.swift */; };
		AB1000000000000000000043 /* AppCommandExecutor.swift in Sources */ = {isa = PBXBuildFile; fileRef = C00000000000000000000043 /* AppCommandExecutor.swift */; };
		AB1000000000000000000046 /* CommandUITestSupport.swift in Sources */ = {isa = PBXBuildFile; fileRef = C00000000000000000000046 /* CommandUITestSupport.swift */; };
		AB1000000000000000000041 /* AppCommand.swift in Sources */ = {isa = PBXBuildFile; fileRef = C00000000000000000000041 /* AppCommand.swift */; };
		AB1000000000000000000003 /* Base64URL.swift in Sources */ = {isa = PBXBuildFile; fileRef = C00000000000000000000003 /* Base64URL.swift */; };
		AB1000000000000000000004 /* CryptoEngine.swift in Sources */ = {isa = PBXBuildFile; fileRef = C00000000000000000000005 /* CryptoEngine.swift */; };
		AB1000000000000000000005 /* EventDecoder.swift in Sources */ = {isa = PBXBuildFile; fileRef = C00000000000000000000006 /* EventDecoder.swift */; };
		AB1000000000000000000006 /* KeychainVault.swift in Sources */ = {isa = PBXBuildFile; fileRef = C00000000000000000000008 /* KeychainVault.swift */; };
		AB1000000000000000000007 /* Models.swift in Sources */ = {isa = PBXBuildFile; fileRef = C00000000000000000000009 /* Models.swift */; };
		AB1000000000000000000008 /* PairingLink.swift in Sources */ = {isa = PBXBuildFile; fileRef = C0000000000000000000000B /* PairingLink.swift */; };
		AB1000000000000000000009 /* ProtocolError.swift in Sources */ = {isa = PBXBuildFile; fileRef = C0000000000000000000000C /* ProtocolError.swift */; };
		AB100000000000000000000A /* OpecoMacApp.swift in Sources */ = {isa = PBXBuildFile; fileRef = AC1000000000000000000001 /* OpecoMacApp.swift */; };
		AB100000000000000000000B /* MacAppDelegate.swift in Sources */ = {isa = PBXBuildFile; fileRef = AC1000000000000000000002 /* MacAppDelegate.swift */; };
		AB100000000000000000000C /* MacPushCoordinator.swift in Sources */ = {isa = PBXBuildFile; fileRef = AC1000000000000000000003 /* MacPushCoordinator.swift */; };
		AB100000000000000000000D /* MacMenuBarView.swift in Sources */ = {isa = PBXBuildFile; fileRef = AC1000000000000000000004 /* MacMenuBarView.swift */; };
		AB100000000000000000000E /* MacJoinView.swift in Sources */ = {isa = PBXBuildFile; fileRef = AC1000000000000000000005 /* MacJoinView.swift */; };
		AB100000000000000000000F /* MacDeviceGroupView.swift in Sources */ = {isa = PBXBuildFile; fileRef = AC1000000000000000000006 /* MacDeviceGroupView.swift */; };
		AB1000000000000000000010 /* Assets.xcassets in Resources */ = {isa = PBXBuildFile; fileRef = AC100000000000000000000C /* Assets.xcassets */; };
		AB1000000000000000000011 /* MenuBarFlowUITests.swift in Sources */ = {isa = PBXBuildFile; fileRef = AC1000000000000000000009 /* MenuBarFlowUITests.swift */; };
		AB1000000000000000000012 /* WidgetSnapshot.swift in Sources */ = {isa = PBXBuildFile; fileRef = C00000000000000000000015 /* WidgetSnapshot.swift */; };
		AB1000000000000000000013 /* WidgetSnapshotBuilder.swift in Sources */ = {isa = PBXBuildFile; fileRef = C00000000000000000000016 /* WidgetSnapshotBuilder.swift */; };
		AB1000000000000000000014 /* WidgetSnapshotStore.swift in Sources */ = {isa = PBXBuildFile; fileRef = C00000000000000000000017 /* WidgetSnapshotStore.swift */; };
		AB1000000000000000000015 /* WidgetSnapshotCoordinator.swift in Sources */ = {isa = PBXBuildFile; fileRef = AC100000000000000000000D /* WidgetSnapshotCoordinator.swift */; };
		BB1000000000000000000001 /* WidgetSnapshot.swift in Sources */ = {isa = PBXBuildFile; fileRef = C00000000000000000000015 /* WidgetSnapshot.swift */; };
		BB1000000000000000000002 /* WidgetSnapshotStore.swift in Sources */ = {isa = PBXBuildFile; fileRef = C00000000000000000000017 /* WidgetSnapshotStore.swift */; };
		BB1000000000000000000003 /* OpecoMacWidget.swift in Sources */ = {isa = PBXBuildFile; fileRef = BC1000000000000000000001 /* OpecoMacWidget.swift */; };
		BB1000000000000000000004 /* OpecoMacWidget.appex in Embed App Extensions */ = {isa = PBXBuildFile; fileRef = BC1000000000000000000004 /* OpecoMacWidget.appex */; settings = {ATTRIBUTES = (RemoveHeadersOnCopy, ); }; };
		BB1000000000000000000005 /* Assets.xcassets in Resources */ = {isa = PBXBuildFile; fileRef = AC100000000000000000000C /* Assets.xcassets */; };
		2350AE03AFB0EB0E47E37849 /* Models.swift in Sources */ = {isa = PBXBuildFile; fileRef = C00000000000000000000009 /* Models.swift */; };
		29C874373E444B011819572F /* PhotoPreparer.swift in Sources */ = {isa = PBXBuildFile; fileRef = 2861FF8F1A1343273301A1C7 /* PhotoPreparer.swift */; };
		2C6E9B3F00BDDCE3C84C0E94 /* ShareViewController.swift in Sources */ = {isa = PBXBuildFile; fileRef = B05C857DB6BA3551D0B259C0 /* ShareViewController.swift */; };
		343627F693140DEBDA576CEE /* Base64URL.swift in Sources */ = {isa = PBXBuildFile; fileRef = C00000000000000000000003 /* Base64URL.swift */; };
		396EFBC556C86EC126F34339 /* PairingLink.swift in Sources */ = {isa = PBXBuildFile; fileRef = C0000000000000000000000B /* PairingLink.swift */; };
		47121CD2F6016E9C4D6FAEE7 /* CryptoEngine.swift in Sources */ = {isa = PBXBuildFile; fileRef = C00000000000000000000005 /* CryptoEngine.swift */; };
		484559DA15BA2211472F630D /* APIClient.swift in Sources */ = {isa = PBXBuildFile; fileRef = C00000000000000000000001 /* APIClient.swift */; };
		4D32F0B8BD87629CFDF3C9B3 /* APIClient.swift in Sources */ = {isa = PBXBuildFile; fileRef = C00000000000000000000001 /* APIClient.swift */; };
		55F7F806E301833E3EEBE464 /* OpecoShare.appex in Embed App Extensions */ = {isa = PBXBuildFile; fileRef = 697CCFB8875EC22B96F1EAFB /* OpecoShare.appex */; settings = {ATTRIBUTES = (RemoveHeadersOnCopy, ); }; };
		601ABA5EA5AD78A4B8FBF93A /* PhotoPreparer.swift in Sources */ = {isa = PBXBuildFile; fileRef = 2861FF8F1A1343273301A1C7 /* PhotoPreparer.swift */; };
		608BF9FBCD61D42A206C4FC2 /* PhotoPreparer.swift in Sources */ = {isa = PBXBuildFile; fileRef = 2861FF8F1A1343273301A1C7 /* PhotoPreparer.swift */; };
		6A8F029D5AEF5AE6794D7B7F /* CryptoEngine.swift in Sources */ = {isa = PBXBuildFile; fileRef = C00000000000000000000005 /* CryptoEngine.swift */; };
		6EA745B61FBA0ECFBC3FDCD8 /* ProtocolError.swift in Sources */ = {isa = PBXBuildFile; fileRef = C0000000000000000000000C /* ProtocolError.swift */; };
		72ACC83D7E5D4A086A531408 /* Base64URL.swift in Sources */ = {isa = PBXBuildFile; fileRef = C00000000000000000000003 /* Base64URL.swift */; };
		73122482A1F54F4F9811D0B4 /* EventDecoder.swift in Sources */ = {isa = PBXBuildFile; fileRef = C00000000000000000000006 /* EventDecoder.swift */; };
		76CA211588DB2CCF3AA69018 /* ShareViewController.swift in Sources */ = {isa = PBXBuildFile; fileRef = B05C857DB6BA3551D0B259C0 /* ShareViewController.swift */; };
		84CE3AD57695F3B879C5D3BF /* Models.swift in Sources */ = {isa = PBXBuildFile; fileRef = C00000000000000000000009 /* Models.swift */; };
		937435CB206C7F8A86D02F8A /* KeychainVault.swift in Sources */ = {isa = PBXBuildFile; fileRef = C00000000000000000000008 /* KeychainVault.swift */; };
		97344363FA53876F239E76BA /* PhotoPreparer.swift in Sources */ = {isa = PBXBuildFile; fileRef = 2861FF8F1A1343273301A1C7 /* PhotoPreparer.swift */; };
		99F2705C84563A16986D111C /* EventDecoder.swift in Sources */ = {isa = PBXBuildFile; fileRef = C00000000000000000000006 /* EventDecoder.swift */; };
		9D144E15E4CAC0682015D68E /* KeychainVault.swift in Sources */ = {isa = PBXBuildFile; fileRef = C00000000000000000000008 /* KeychainVault.swift */; };
		BA19B1D13CA0E0EDD5172460 /* ProtocolError.swift in Sources */ = {isa = PBXBuildFile; fileRef = C0000000000000000000000C /* ProtocolError.swift */; };
		BDAB42A2A335B11EF550C357 /* PairingLink.swift in Sources */ = {isa = PBXBuildFile; fileRef = C0000000000000000000000B /* PairingLink.swift */; };
		D57567E3807CB3F9B2C847A4 /* OpecoMacShare.appex in Embed App Extensions */ = {isa = PBXBuildFile; fileRef = 7DE13CC8AF2819ACBFF56ED7 /* OpecoMacShare.appex */; settings = {ATTRIBUTES = (RemoveHeadersOnCopy, ); }; };
/* End PBXBuildFile section */

/* Begin PBXContainerItemProxy section */
		A00000000000000000000003 /* PBXContainerItemProxy */ = {
			isa = PBXContainerItemProxy;
			containerPortal = A00000000000000000000001 /* Project object */;
			proxyType = 1;
			remoteGlobalIDString = E00000000000000000000001;
			remoteInfo = Opeco;
		};
		A00000000000000000000005 /* PBXContainerItemProxy */ = {
			isa = PBXContainerItemProxy;
			containerPortal = A00000000000000000000001 /* Project object */;
			proxyType = 1;
			remoteGlobalIDString = E00000000000000000000001;
			remoteInfo = Opeco;
		};
		A61000000000000000000001 /* PBXContainerItemProxy */ = {
			isa = PBXContainerItemProxy;
			containerPortal = A00000000000000000000001 /* Project object */;
			proxyType = 1;
			remoteGlobalIDString = AF1000000000000000000001;
			remoteInfo = OpecoMac;
		};
		B61000000000000000000001 /* PBXContainerItemProxy */ = {
			isa = PBXContainerItemProxy;
			containerPortal = A00000000000000000000001 /* Project object */;
			proxyType = 1;
			remoteGlobalIDString = BF1000000000000000000001;
			remoteInfo = OpecoMacWidget;
		};
		9277F68E29B3EB1488A86796 /* PBXContainerItemProxy */ = {
			isa = PBXContainerItemProxy;
			containerPortal = A00000000000000000000001 /* Project object */;
			proxyType = 1;
			remoteGlobalIDString = 8075D34CCFEF368A88CEA5E1;
			remoteInfo = OpecoShare;
		};
		DEBB93CB474484718E5B3DAA /* PBXContainerItemProxy */ = {
			isa = PBXContainerItemProxy;
			containerPortal = A00000000000000000000001 /* Project object */;
			proxyType = 1;
			remoteGlobalIDString = 3EDFC914AF7F756B831832F7;
			remoteInfo = OpecoMacShare;
		};
/* End PBXContainerItemProxy section */

/* Begin PBXCopyFilesBuildPhase section */
		BE1000000000000000000004 /* Embed App Extensions */ = {
			isa = PBXCopyFilesBuildPhase;
			buildActionMask = 2147483647;
			dstPath = "";
			dstSubfolderSpec = 13;
			files = (
				BB1000000000000000000004 /* OpecoMacWidget.appex in Embed App Extensions */,
				D57567E3807CB3F9B2C847A4 /* OpecoMacShare.appex in Embed App Extensions */,
			);
			name = "Embed App Extensions";
			runOnlyForDeploymentPostprocessing = 0;
		};
		26BAD9A00587D624FFEB671B /* Embed App Extensions */ = {
			isa = PBXCopyFilesBuildPhase;
			buildActionMask = 2147483647;
			dstPath = "";
			dstSubfolderSpec = 13;
			files = (
				55F7F806E301833E3EEBE464 /* OpecoShare.appex in Embed App Extensions */,
			);
			name = "Embed App Extensions";
			runOnlyForDeploymentPostprocessing = 0;
		};
/* End PBXCopyFilesBuildPhase section */

/* Begin PBXFileReference section */
		C00000000000000000000001 /* APIClient.swift */ = {isa = PBXFileReference; lastKnownFileType = sourcecode.swift; path = APIClient.swift; sourceTree = "<group>"; };
		C00000000000000000000002 /* AppModel.swift */ = {isa = PBXFileReference; lastKnownFileType = sourcecode.swift; path = AppModel.swift; sourceTree = "<group>"; };
		C00000000000000000000042 /* AppCommandQueue.swift */ = {isa = PBXFileReference; lastKnownFileType = sourcecode.swift; path = AppCommandQueue.swift; sourceTree = "<group>"; };
		C00000000000000000000043 /* AppCommandExecutor.swift */ = {isa = PBXFileReference; lastKnownFileType = sourcecode.swift; path = AppCommandExecutor.swift; sourceTree = "<group>"; };
		C00000000000000000000046 /* CommandUITestSupport.swift */ = {isa = PBXFileReference; lastKnownFileType = sourcecode.swift; path = CommandUITestSupport.swift; sourceTree = "<group>"; };
		C00000000000000000000041 /* AppCommand.swift */ = {isa = PBXFileReference; lastKnownFileType = sourcecode.swift; path = AppCommand.swift; sourceTree = "<group>"; };
		C00000000000000000000003 /* Base64URL.swift */ = {isa = PBXFileReference; lastKnownFileType = sourcecode.swift; path = Base64URL.swift; sourceTree = "<group>"; };
		C00000000000000000000004 /* ContentView.swift */ = {isa = PBXFileReference; lastKnownFileType = sourcecode.swift; path = ContentView.swift; sourceTree = "<group>"; };
		C00000000000000000000005 /* CryptoEngine.swift */ = {isa = PBXFileReference; lastKnownFileType = sourcecode.swift; path = CryptoEngine.swift; sourceTree = "<group>"; };
		C00000000000000000000006 /* EventDecoder.swift */ = {isa = PBXFileReference; lastKnownFileType = sourcecode.swift; path = EventDecoder.swift; sourceTree = "<group>"; };
		C00000000000000000000007 /* JoinSessionView.swift */ = {isa = PBXFileReference; lastKnownFileType = sourcecode.swift; path = JoinSessionView.swift; sourceTree = "<group>"; };
		C00000000000000000000008 /* KeychainVault.swift */ = {isa = PBXFileReference; lastKnownFileType = sourcecode.swift; path = KeychainVault.swift; sourceTree = "<group>"; };
		C00000000000000000000009 /* Models.swift */ = {isa = PBXFileReference; lastKnownFileType = sourcecode.swift; path = Models.swift; sourceTree = "<group>"; };
		C0000000000000000000000A /* OpecoApp.swift */ = {isa = PBXFileReference; lastKnownFileType = sourcecode.swift; path = OpecoApp.swift; sourceTree = "<group>"; };
		C0000000000000000000000B /* PairingLink.swift */ = {isa = PBXFileReference; lastKnownFileType = sourcecode.swift; path = PairingLink.swift; sourceTree = "<group>"; };
		C0000000000000000000000C /* ProtocolError.swift */ = {isa = PBXFileReference; lastKnownFileType = sourcecode.swift; path = ProtocolError.swift; sourceTree = "<group>"; };
		C0000000000000000000000D /* QRScannerView.swift */ = {isa = PBXFileReference; lastKnownFileType = sourcecode.swift; path = QRScannerView.swift; sourceTree = "<group>"; };
		C0000000000000000000000E /* Assets.xcassets */ = {isa = PBXFileReference; lastKnownFileType = folder.assetcatalog; path = Assets.xcassets; sourceTree = "<group>"; };
		C0000000000000000000000F /* Info.plist */ = {isa = PBXFileReference; lastKnownFileType = text.plist.xml; path = Info.plist; sourceTree = "<group>"; };
		C00000000000000000000010 /* ProtocolTests.swift */ = {isa = PBXFileReference; lastKnownFileType = sourcecode.swift; path = ProtocolTests.swift; sourceTree = "<group>"; };
		C00000000000000000000044 /* AppCommandQueueTests.swift */ = {isa = PBXFileReference; lastKnownFileType = sourcecode.swift; path = AppCommandQueueTests.swift; sourceTree = "<group>"; };
		C00000000000000000000045 /* AppCommandExecutorTests.swift */ = {isa = PBXFileReference; lastKnownFileType = sourcecode.swift; path = AppCommandExecutorTests.swift; sourceTree = "<group>"; };
		C00000000000000000000047 /* AppCommandTestSupport.swift */ = {isa = PBXFileReference; lastKnownFileType = sourcecode.swift; path = AppCommandTestSupport.swift; sourceTree = "<group>"; };
		C00000000000000000000048 /* DismissCommandTests.swift */ = {isa = PBXFileReference; lastKnownFileType = sourcecode.swift; path = DismissCommandTests.swift; sourceTree = "<group>"; };
		C00000000000000000000011 /* AppDelegate.swift */ = {isa = PBXFileReference; lastKnownFileType = sourcecode.swift; path = AppDelegate.swift; sourceTree = "<group>"; };
		C00000000000000000000012 /* PushCoordinator.swift */ = {isa = PBXFileReference; lastKnownFileType = sourcecode.swift; path = PushCoordinator.swift; sourceTree = "<group>"; };
		C00000000000000000000013 /* Opeco.entitlements */ = {isa = PBXFileReference; lastKnownFileType = text.plist.entitlements; path = Opeco.entitlements; sourceTree = "<group>"; };
		C00000000000000000000014 /* DeviceGroupFlowUITests.swift */ = {isa = PBXFileReference; lastKnownFileType = sourcecode.swift; path = DeviceGroupFlowUITests.swift; sourceTree = "<group>"; };
		C00000000000000000000015 /* WidgetSnapshot.swift */ = {isa = PBXFileReference; lastKnownFileType = sourcecode.swift; path = WidgetSnapshot.swift; sourceTree = "<group>"; };
		C00000000000000000000016 /* WidgetSnapshotBuilder.swift */ = {isa = PBXFileReference; lastKnownFileType = sourcecode.swift; path = WidgetSnapshotBuilder.swift; sourceTree = "<group>"; };
		C00000000000000000000017 /* WidgetSnapshotStore.swift */ = {isa = PBXFileReference; lastKnownFileType = sourcecode.swift; path = WidgetSnapshotStore.swift; sourceTree = "<group>"; };
		I00000000000000000000001 /* Opeco.app */ = {isa = PBXFileReference; explicitFileType = wrapper.application; includeInIndex = 0; path = Opeco.app; sourceTree = BUILT_PRODUCTS_DIR; };
		I00000000000000000000002 /* OpecoTests.xctest */ = {isa = PBXFileReference; explicitFileType = wrapper.cfbundle; includeInIndex = 0; path = OpecoTests.xctest; sourceTree = BUILT_PRODUCTS_DIR; };
		I00000000000000000000003 /* OpecoUITests.xctest */ = {isa = PBXFileReference; explicitFileType = wrapper.cfbundle; includeInIndex = 0; path = OpecoUITests.xctest; sourceTree = BUILT_PRODUCTS_DIR; };
		AC1000000000000000000001 /* OpecoMacApp.swift */ = {isa = PBXFileReference; lastKnownFileType = sourcecode.swift; path = OpecoMacApp.swift; sourceTree = "<group>"; };
		AC1000000000000000000002 /* MacAppDelegate.swift */ = {isa = PBXFileReference; lastKnownFileType = sourcecode.swift; path = MacAppDelegate.swift; sourceTree = "<group>"; };
		AC1000000000000000000003 /* MacPushCoordinator.swift */ = {isa = PBXFileReference; lastKnownFileType = sourcecode.swift; path = MacPushCoordinator.swift; sourceTree = "<group>"; };
		AC1000000000000000000004 /* MacMenuBarView.swift */ = {isa = PBXFileReference; lastKnownFileType = sourcecode.swift; path = MacMenuBarView.swift; sourceTree = "<group>"; };
		AC1000000000000000000005 /* MacJoinView.swift */ = {isa = PBXFileReference; lastKnownFileType = sourcecode.swift; path = MacJoinView.swift; sourceTree = "<group>"; };
		AC1000000000000000000006 /* MacDeviceGroupView.swift */ = {isa = PBXFileReference; lastKnownFileType = sourcecode.swift; path = MacDeviceGroupView.swift; sourceTree = "<group>"; };
		AC1000000000000000000007 /* Info.plist */ = {isa = PBXFileReference; lastKnownFileType = text.plist.xml; path = Info.plist; sourceTree = "<group>"; };
		AC1000000000000000000008 /* OpecoMac.entitlements */ = {isa = PBXFileReference; lastKnownFileType = text.plist.entitlements; path = OpecoMac.entitlements; sourceTree = "<group>"; };
		AC1000000000000000000009 /* MenuBarFlowUITests.swift */ = {isa = PBXFileReference; lastKnownFileType = sourcecode.swift; path = MenuBarFlowUITests.swift; sourceTree = "<group>"; };
		AC100000000000000000000A /* OpecoMac.app */ = {isa = PBXFileReference; explicitFileType = wrapper.application; includeInIndex = 0; path = OpecoMac.app; sourceTree = BUILT_PRODUCTS_DIR; };
		AC100000000000000000000B /* OpecoMacUITests.xctest */ = {isa = PBXFileReference; explicitFileType = wrapper.cfbundle; includeInIndex = 0; path = OpecoMacUITests.xctest; sourceTree = BUILT_PRODUCTS_DIR; };
		AC100000000000000000000C /* Assets.xcassets */ = {isa = PBXFileReference; lastKnownFileType = folder.assetcatalog; path = Assets.xcassets; sourceTree = "<group>"; };
		AC100000000000000000000D /* WidgetSnapshotCoordinator.swift */ = {isa = PBXFileReference; lastKnownFileType = sourcecode.swift; path = WidgetSnapshotCoordinator.swift; sourceTree = "<group>"; };
		BC1000000000000000000001 /* OpecoMacWidget.swift */ = {isa = PBXFileReference; lastKnownFileType = sourcecode.swift; path = OpecoMacWidget.swift; sourceTree = "<group>"; };
		BC1000000000000000000002 /* Info.plist */ = {isa = PBXFileReference; lastKnownFileType = text.plist.xml; path = Info.plist; sourceTree = "<group>"; };
		BC1000000000000000000003 /* OpecoMacWidget.entitlements */ = {isa = PBXFileReference; lastKnownFileType = text.plist.entitlements; path = OpecoMacWidget.entitlements; sourceTree = "<group>"; };
		BC1000000000000000000004 /* OpecoMacWidget.appex */ = {isa = PBXFileReference; explicitFileType = "wrapper.app-extension"; includeInIndex = 0; path = OpecoMacWidget.appex; sourceTree = BUILT_PRODUCTS_DIR; };
		2861FF8F1A1343273301A1C7 /* PhotoPreparer.swift */ = {isa = PBXFileReference; includeInIndex = 1; lastKnownFileType = sourcecode.swift; path = PhotoPreparer.swift; sourceTree = "<group>"; };
		697CCFB8875EC22B96F1EAFB /* OpecoShare.appex */ = {isa = PBXFileReference; explicitFileType = "wrapper.app-extension"; includeInIndex = 0; path = OpecoShare.appex; sourceTree = BUILT_PRODUCTS_DIR; };
		7DE13CC8AF2819ACBFF56ED7 /* OpecoMacShare.appex */ = {isa = PBXFileReference; explicitFileType = "wrapper.app-extension"; includeInIndex = 0; path = OpecoMacShare.appex; sourceTree = BUILT_PRODUCTS_DIR; };
		B05C857DB6BA3551D0B259C0 /* ShareViewController.swift */ = {isa = PBXFileReference; includeInIndex = 1; lastKnownFileType = sourcecode.swift; path = ShareViewController.swift; sourceTree = "<group>"; };
/* End PBXFileReference section */

/* Begin PBXFrameworksBuildPhase section */
		H00000000000000000000002 /* Frameworks */ = {
			isa = PBXFrameworksBuildPhase;
			buildActionMask = 2147483647;
			files = (
			);
			runOnlyForDeploymentPostprocessing = 0;
		};
		H00000000000000000000005 /* Frameworks */ = {
			isa = PBXFrameworksBuildPhase;
			buildActionMask = 2147483647;
			files = (
			);
			runOnlyForDeploymentPostprocessing = 0;
		};
		H00000000000000000000008 /* Frameworks */ = {
			isa = PBXFrameworksBuildPhase;
			buildActionMask = 2147483647;
			files = (
			);
			runOnlyForDeploymentPostprocessing = 0;
		};
		AE1000000000000000000002 /* Frameworks */ = {
			isa = PBXFrameworksBuildPhase;
			buildActionMask = 2147483647;
			files = (
			);
			runOnlyForDeploymentPostprocessing = 0;
		};
		AE1000000000000000000005 /* Frameworks */ = {
			isa = PBXFrameworksBuildPhase;
			buildActionMask = 2147483647;
			files = (
			);
			runOnlyForDeploymentPostprocessing = 0;
		};
		BE1000000000000000000002 /* Frameworks */ = {
			isa = PBXFrameworksBuildPhase;
			buildActionMask = 2147483647;
			files = (
			);
			runOnlyForDeploymentPostprocessing = 0;
		};
		068E8863FBE862255143057F /* Frameworks */ = {
			isa = PBXFrameworksBuildPhase;
			buildActionMask = 2147483647;
			files = (
			);
			runOnlyForDeploymentPostprocessing = 0;
		};
		51BE730727F1025E0A612FA2 /* Frameworks */ = {
			isa = PBXFrameworksBuildPhase;
			buildActionMask = 2147483647;
			files = (
			);
			runOnlyForDeploymentPostprocessing = 0;
		};
/* End PBXFrameworksBuildPhase section */

/* Begin PBXGroup section */
		B00000000000000000000001 = {
			isa = PBXGroup;
			children = (
				B00000000000000000000002 /* Opeco */,
				B00000000000000000000003 /* OpecoTests */,
				B00000000000000000000005 /* OpecoUITests */,
				AD1000000000000000000001 /* OpecoMac */,
				AD1000000000000000000002 /* OpecoMacUITests */,
				BD1000000000000000000001 /* OpecoMacWidget */,
				B00000000000000000000004 /* Products */,
				F541CD76824EE8C66664ACD4 /* OpecoShare */,
			);
			sourceTree = "<group>";
		};
		B00000000000000000000002 /* Opeco */ = {
			isa = PBXGroup;
			children = (
				C00000000000000000000001 /* APIClient.swift */,
				C00000000000000000000011 /* AppDelegate.swift */,
				C00000000000000000000002 /* AppModel.swift */,
				C00000000000000000000042 /* AppCommandQueue.swift */,
				C00000000000000000000043 /* AppCommandExecutor.swift */,
				C00000000000000000000046 /* CommandUITestSupport.swift */,
				C00000000000000000000041 /* AppCommand.swift */,
				C00000000000000000000003 /* Base64URL.swift */,
				C00000000000000000000004 /* ContentView.swift */,
				C00000000000000000000005 /* CryptoEngine.swift */,
				C00000000000000000000006 /* EventDecoder.swift */,
				C00000000000000000000007 /* JoinSessionView.swift */,
				C00000000000000000000008 /* KeychainVault.swift */,
				C00000000000000000000009 /* Models.swift */,
				C0000000000000000000000A /* OpecoApp.swift */,
				C0000000000000000000000B /* PairingLink.swift */,
				C0000000000000000000000C /* ProtocolError.swift */,
				C00000000000000000000012 /* PushCoordinator.swift */,
				C00000000000000000000015 /* WidgetSnapshot.swift */,
				C00000000000000000000016 /* WidgetSnapshotBuilder.swift */,
				C00000000000000000000017 /* WidgetSnapshotStore.swift */,
				C0000000000000000000000D /* QRScannerView.swift */,
				C0000000000000000000000E /* Assets.xcassets */,
				C0000000000000000000000F /* Info.plist */,
				C00000000000000000000013 /* Opeco.entitlements */,
				2861FF8F1A1343273301A1C7 /* PhotoPreparer.swift */,
			);
			path = Opeco;
			sourceTree = "<group>";
		};
		B00000000000000000000003 /* OpecoTests */ = {
			isa = PBXGroup;
			children = (
				C00000000000000000000010 /* ProtocolTests.swift */,
				C00000000000000000000044 /* AppCommandQueueTests.swift */,
				C00000000000000000000045 /* AppCommandExecutorTests.swift */,
				C00000000000000000000047 /* AppCommandTestSupport.swift */,
				C00000000000000000000048 /* DismissCommandTests.swift */,
			);
			path = OpecoTests;
			sourceTree = "<group>";
		};
		B00000000000000000000004 /* Products */ = {
			isa = PBXGroup;
			children = (
				I00000000000000000000001 /* Opeco.app */,
				I00000000000000000000002 /* OpecoTests.xctest */,
				I00000000000000000000003 /* OpecoUITests.xctest */,
				AC100000000000000000000A /* OpecoMac.app */,
				AC100000000000000000000B /* OpecoMacUITests.xctest */,
				BC1000000000000000000004 /* OpecoMacWidget.appex */,
				697CCFB8875EC22B96F1EAFB /* OpecoShare.appex */,
				7DE13CC8AF2819ACBFF56ED7 /* OpecoMacShare.appex */,
			);
			name = Products;
			sourceTree = "<group>";
		};
		B00000000000000000000005 /* OpecoUITests */ = {
			isa = PBXGroup;
			children = (
				C00000000000000000000014 /* DeviceGroupFlowUITests.swift */,
			);
			path = OpecoUITests;
			sourceTree = "<group>";
		};
		AD1000000000000000000001 /* OpecoMac */ = {
			isa = PBXGroup;
			children = (
				AC1000000000000000000001 /* OpecoMacApp.swift */,
				AC1000000000000000000002 /* MacAppDelegate.swift */,
				AC1000000000000000000003 /* MacPushCoordinator.swift */,
				AC1000000000000000000004 /* MacMenuBarView.swift */,
				AC1000000000000000000005 /* MacJoinView.swift */,
				AC1000000000000000000006 /* MacDeviceGroupView.swift */,
				AC100000000000000000000D /* WidgetSnapshotCoordinator.swift */,
				AC1000000000000000000007 /* Info.plist */,
				AC1000000000000000000008 /* OpecoMac.entitlements */,
				AC100000000000000000000C /* Assets.xcassets */,
			);
			path = ../macos/OpecoMac;
			sourceTree = "<group>";
		};
		AD1000000000000000000002 /* OpecoMacUITests */ = {
			isa = PBXGroup;
			children = (
				AC1000000000000000000009 /* MenuBarFlowUITests.swift */,
			);
			path = ../macos/OpecoMacUITests;
			sourceTree = "<group>";
		};
		BD1000000000000000000001 /* OpecoMacWidget */ = {
			isa = PBXGroup;
			children = (
				BC1000000000000000000001 /* OpecoMacWidget.swift */,
				BC1000000000000000000002 /* Info.plist */,
				BC1000000000000000000003 /* OpecoMacWidget.entitlements */,
			);
			path = ../macos/OpecoMacWidget;
			sourceTree = "<group>";
		};
		F541CD76824EE8C66664ACD4 /* OpecoShare */ = {
			isa = PBXGroup;
			children = (
				B05C857DB6BA3551D0B259C0 /* ShareViewController.swift */,
			);
			name = OpecoShare;
			path = OpecoShare;
			sourceTree = "<group>";
		};
/* End PBXGroup section */

/* Begin PBXNativeTarget section */
		E00000000000000000000001 /* Opeco */ = {
			isa = PBXNativeTarget;
			buildConfigurationList = F00000000000000000000002 /* Build configuration list for PBXNativeTarget "Opeco" */;
			buildPhases = (
				H00000000000000000000001 /* Sources */,
				H00000000000000000000002 /* Frameworks */,
				H00000000000000000000003 /* Resources */,
				26BAD9A00587D624FFEB671B /* Embed App Extensions */,
			);
			buildRules = (
			);
			dependencies = (
				720B8F01C4738928E006384E /* PBXTargetDependency */,
			);
			name = Opeco;
			productName = Opeco;
			productReference = I00000000000000000000001 /* Opeco.app */;
			productType = "com.apple.product-type.application";
		};
		E00000000000000000000002 /* OpecoTests */ = {
			isa = PBXNativeTarget;
			buildConfigurationList = F00000000000000000000003 /* Build configuration list for PBXNativeTarget "OpecoTests" */;
			buildPhases = (
				H00000000000000000000004 /* Sources */,
				H00000000000000000000005 /* Frameworks */,
				H00000000000000000000006 /* Resources */,
			);
			buildRules = (
			);
			dependencies = (
				A00000000000000000000004 /* PBXTargetDependency */,
			);
			name = OpecoTests;
			productName = OpecoTests;
			productReference = I00000000000000000000002 /* OpecoTests.xctest */;
			productType = "com.apple.product-type.bundle.unit-test";
		};
		E00000000000000000000003 /* OpecoUITests */ = {
			isa = PBXNativeTarget;
			buildConfigurationList = F00000000000000000000004 /* Build configuration list for PBXNativeTarget "OpecoUITests" */;
			buildPhases = (
				H00000000000000000000007 /* Sources */,
				H00000000000000000000008 /* Frameworks */,
				H00000000000000000000009 /* Resources */,
			);
			buildRules = (
			);
			dependencies = (
				A00000000000000000000006 /* PBXTargetDependency */,
			);
			name = OpecoUITests;
			productName = OpecoUITests;
			productReference = I00000000000000000000003 /* OpecoUITests.xctest */;
			productType = "com.apple.product-type.bundle.ui-testing";
		};
		AF1000000000000000000001 /* OpecoMac */ = {
			isa = PBXNativeTarget;
			buildConfigurationList = A71000000000000000000001 /* Build configuration list for PBXNativeTarget "OpecoMac" */;
			buildPhases = (
				AE1000000000000000000001 /* Sources */,
				AE1000000000000000000002 /* Frameworks */,
				AE1000000000000000000003 /* Resources */,
				BE1000000000000000000004 /* Embed App Extensions */,
			);
			buildRules = (
			);
			dependencies = (
				B61000000000000000000002 /* PBXTargetDependency */,
				9E3AB3D59F30552B7FEEC0CA /* PBXTargetDependency */,
			);
			name = OpecoMac;
			productName = OpecoMac;
			productReference = AC100000000000000000000A /* OpecoMac.app */;
			productType = "com.apple.product-type.application";
		};
		AF1000000000000000000002 /* OpecoMacUITests */ = {
			isa = PBXNativeTarget;
			buildConfigurationList = A71000000000000000000002 /* Build configuration list for PBXNativeTarget "OpecoMacUITests" */;
			buildPhases = (
				AE1000000000000000000004 /* Sources */,
				AE1000000000000000000005 /* Frameworks */,
				AE1000000000000000000006 /* Resources */,
			);
			buildRules = (
			);
			dependencies = (
				A61000000000000000000002 /* PBXTargetDependency */,
			);
			name = OpecoMacUITests;
			productName = OpecoMacUITests;
			productReference = AC100000000000000000000B /* OpecoMacUITests.xctest */;
			productType = "com.apple.product-type.bundle.ui-testing";
		};
		BF1000000000000000000001 /* OpecoMacWidget */ = {
			isa = PBXNativeTarget;
			buildConfigurationList = B71000000000000000000001 /* Build configuration list for PBXNativeTarget "OpecoMacWidget" */;
			buildPhases = (
				BE1000000000000000000001 /* Sources */,
				BE1000000000000000000002 /* Frameworks */,
				BE1000000000000000000003 /* Resources */,
			);
			buildRules = (
			);
			dependencies = (
			);
			name = OpecoMacWidget;
			productName = OpecoMacWidget;
			productReference = BC1000000000000000000004 /* OpecoMacWidget.appex */;
			productType = "com.apple.product-type.app-extension";
		};
		3EDFC914AF7F756B831832F7 /* OpecoMacShare */ = {
			isa = PBXNativeTarget;
			buildConfigurationList = 91BCD3A026DAFFCE60F4E670 /* Build configuration list for PBXNativeTarget "OpecoMacShare" */;
			buildPhases = (
				EC55C4531E4D73262A218CAA /* Sources */,
				068E8863FBE862255143057F /* Frameworks */,
				70422423EAF78702F17F3216 /* Resources */,
			);
			buildRules = (
			);
			dependencies = (
			);
			name = OpecoMacShare;
			productName = OpecoMacShare;
			productReference = 7DE13CC8AF2819ACBFF56ED7 /* OpecoMacShare.appex */;
			productType = "com.apple.product-type.app-extension";
		};
		8075D34CCFEF368A88CEA5E1 /* OpecoShare */ = {
			isa = PBXNativeTarget;
			buildConfigurationList = D2C42DA34BE0C1CEDA54FCB8 /* Build configuration list for PBXNativeTarget "OpecoShare" */;
			buildPhases = (
				13F7E1CF0572C659DDF1D97B /* Sources */,
				51BE730727F1025E0A612FA2 /* Frameworks */,
				27885796B96DE479997056DE /* Resources */,
			);
			buildRules = (
			);
			dependencies = (
			);
			name = OpecoShare;
			productName = OpecoShare;
			productReference = 697CCFB8875EC22B96F1EAFB /* OpecoShare.appex */;
			productType = "com.apple.product-type.app-extension";
		};
/* End PBXNativeTarget section */

/* Begin PBXProject section */
		A00000000000000000000001 /* Project object */ = {
			isa = PBXProject;
			attributes = {
				BuildIndependentTargetsInParallel = 1;
				LastSwiftUpdateCheck = 2640;
				LastUpgradeCheck = 2640;
				TargetAttributes = {
					AF1000000000000000000001 = {
						CreatedOnToolsVersion = 26.4;
						SystemCapabilities = {
							com.apple.Push = {
								enabled = 1;
							};
						};
					};
					AF1000000000000000000002 = {
						CreatedOnToolsVersion = 26.4;
						TestTargetID = AF1000000000000000000001;
					};
					BF1000000000000000000001 = {
						CreatedOnToolsVersion = 26.4;
					};
					E00000000000000000000001 = {
						CreatedOnToolsVersion = 26.4;
						SystemCapabilities = {
							com.apple.Push = {
								enabled = 1;
							};
						};
					};
					E00000000000000000000002 = {
						CreatedOnToolsVersion = 26.4;
						TestTargetID = E00000000000000000000001;
					};
					E00000000000000000000003 = {
						CreatedOnToolsVersion = 26.4;
						TestTargetID = E00000000000000000000001;
					};
				};
			};
			buildConfigurationList = F00000000000000000000001 /* Build configuration list for PBXProject "Opeco" */;
			compatibilityVersion = "Xcode 15.0";
			developmentRegion = en;
			hasScannedForEncodings = 0;
			knownRegions = (
				en,
				Base,
			);
			mainGroup = B00000000000000000000001;
			productRefGroup = B00000000000000000000004 /* Products */;
			projectDirPath = "";
			projectRoot = "";
			targets = (
				E00000000000000000000001 /* Opeco */,
				E00000000000000000000002 /* OpecoTests */,
				E00000000000000000000003 /* OpecoUITests */,
				AF1000000000000000000001 /* OpecoMac */,
				AF1000000000000000000002 /* OpecoMacUITests */,
				BF1000000000000000000001 /* OpecoMacWidget */,
				8075D34CCFEF368A88CEA5E1 /* OpecoShare */,
				3EDFC914AF7F756B831832F7 /* OpecoMacShare */,
			);
		};
/* End PBXProject section */

/* Begin PBXResourcesBuildPhase section */
		H00000000000000000000003 /* Resources */ = {
			isa = PBXResourcesBuildPhase;
			buildActionMask = 2147483647;
			files = (
				D0000000000000000000000E /* Assets.xcassets in Resources */,
			);
			runOnlyForDeploymentPostprocessing = 0;
		};
		H00000000000000000000006 /* Resources */ = {
			isa = PBXResourcesBuildPhase;
			buildActionMask = 2147483647;
			files = (
			);
			runOnlyForDeploymentPostprocessing = 0;
		};
		H00000000000000000000009 /* Resources */ = {
			isa = PBXResourcesBuildPhase;
			buildActionMask = 2147483647;
			files = (
			);
			runOnlyForDeploymentPostprocessing = 0;
		};
		AE1000000000000000000003 /* Resources */ = {
			isa = PBXResourcesBuildPhase;
			buildActionMask = 2147483647;
			files = (
				AB1000000000000000000010 /* Assets.xcassets in Resources */,
			);
			runOnlyForDeploymentPostprocessing = 0;
		};
		AE1000000000000000000006 /* Resources */ = {
			isa = PBXResourcesBuildPhase;
			buildActionMask = 2147483647;
			files = (
			);
			runOnlyForDeploymentPostprocessing = 0;
		};
		BE1000000000000000000003 /* Resources */ = {
			isa = PBXResourcesBuildPhase;
			buildActionMask = 2147483647;
			files = (
				BB1000000000000000000005 /* Assets.xcassets in Resources */,
			);
			runOnlyForDeploymentPostprocessing = 0;
		};
		27885796B96DE479997056DE /* Resources */ = {
			isa = PBXResourcesBuildPhase;
			buildActionMask = 2147483647;
			files = (
			);
			runOnlyForDeploymentPostprocessing = 0;
		};
		70422423EAF78702F17F3216 /* Resources */ = {
			isa = PBXResourcesBuildPhase;
			buildActionMask = 2147483647;
			files = (
			);
			runOnlyForDeploymentPostprocessing = 0;
		};
/* End PBXResourcesBuildPhase section */

/* Begin PBXSourcesBuildPhase section */
		H00000000000000000000001 /* Sources */ = {
			isa = PBXSourcesBuildPhase;
			buildActionMask = 2147483647;
			files = (
				D00000000000000000000001 /* APIClient.swift in Sources */,
				D00000000000000000000010 /* AppDelegate.swift in Sources */,
				D00000000000000000000002 /* AppModel.swift in Sources */,
				D00000000000000000000042 /* AppCommandQueue.swift in Sources */,
				D00000000000000000000043 /* AppCommandExecutor.swift in Sources */,
				D00000000000000000000046 /* CommandUITestSupport.swift in Sources */,
				D00000000000000000000041 /* AppCommand.swift in Sources */,
				D00000000000000000000003 /* Base64URL.swift in Sources */,
				D00000000000000000000004 /* ContentView.swift in Sources */,
				D00000000000000000000005 /* CryptoEngine.swift in Sources */,
				D00000000000000000000006 /* EventDecoder.swift in Sources */,
				D00000000000000000000007 /* JoinSessionView.swift in Sources */,
				D00000000000000000000008 /* KeychainVault.swift in Sources */,
				D00000000000000000000009 /* Models.swift in Sources */,
				D0000000000000000000000A /* OpecoApp.swift in Sources */,
				D0000000000000000000000B /* PairingLink.swift in Sources */,
				D0000000000000000000000C /* ProtocolError.swift in Sources */,
				D00000000000000000000011 /* PushCoordinator.swift in Sources */,
				D00000000000000000000013 /* WidgetSnapshot.swift in Sources */,
				D00000000000000000000014 /* WidgetSnapshotBuilder.swift in Sources */,
				D00000000000000000000015 /* WidgetSnapshotStore.swift in Sources */,
				D0000000000000000000000D /* QRScannerView.swift in Sources */,
				608BF9FBCD61D42A206C4FC2 /* PhotoPreparer.swift in Sources */,
			);
			runOnlyForDeploymentPostprocessing = 0;
		};
		H00000000000000000000004 /* Sources */ = {
			isa = PBXSourcesBuildPhase;
			buildActionMask = 2147483647;
			files = (
				D0000000000000000000000F /* ProtocolTests.swift in Sources */,
				D00000000000000000000044 /* AppCommandQueueTests.swift in Sources */,
				D00000000000000000000045 /* AppCommandExecutorTests.swift in Sources */,
				D00000000000000000000047 /* AppCommandTestSupport.swift in Sources */,
				D00000000000000000000048 /* DismissCommandTests.swift in Sources */,
			);
			runOnlyForDeploymentPostprocessing = 0;
		};
		H00000000000000000000007 /* Sources */ = {
			isa = PBXSourcesBuildPhase;
			buildActionMask = 2147483647;
			files = (
				D00000000000000000000012 /* DeviceGroupFlowUITests.swift in Sources */,
			);
			runOnlyForDeploymentPostprocessing = 0;
		};
		AE1000000000000000000001 /* Sources */ = {
			isa = PBXSourcesBuildPhase;
			buildActionMask = 2147483647;
			files = (
				AB1000000000000000000001 /* APIClient.swift in Sources */,
				AB1000000000000000000002 /* AppModel.swift in Sources */,
				AB1000000000000000000042 /* AppCommandQueue.swift in Sources */,
				AB1000000000000000000043 /* AppCommandExecutor.swift in Sources */,
				AB1000000000000000000046 /* CommandUITestSupport.swift in Sources */,
				AB1000000000000000000041 /* AppCommand.swift in Sources */,
				AB1000000000000000000003 /* Base64URL.swift in Sources */,
				AB1000000000000000000004 /* CryptoEngine.swift in Sources */,
				AB1000000000000000000005 /* EventDecoder.swift in Sources */,
				AB1000000000000000000006 /* KeychainVault.swift in Sources */,
				AB1000000000000000000007 /* Models.swift in Sources */,
				AB1000000000000000000008 /* PairingLink.swift in Sources */,
				AB1000000000000000000009 /* ProtocolError.swift in Sources */,
				AB100000000000000000000A /* OpecoMacApp.swift in Sources */,
				AB100000000000000000000B /* MacAppDelegate.swift in Sources */,
				AB100000000000000000000C /* MacPushCoordinator.swift in Sources */,
				AB100000000000000000000D /* MacMenuBarView.swift in Sources */,
				AB100000000000000000000E /* MacJoinView.swift in Sources */,
				AB100000000000000000000F /* MacDeviceGroupView.swift in Sources */,
				AB1000000000000000000012 /* WidgetSnapshot.swift in Sources */,
				AB1000000000000000000013 /* WidgetSnapshotBuilder.swift in Sources */,
				AB1000000000000000000014 /* WidgetSnapshotStore.swift in Sources */,
				AB1000000000000000000015 /* WidgetSnapshotCoordinator.swift in Sources */,
				29C874373E444B011819572F /* PhotoPreparer.swift in Sources */,
			);
			runOnlyForDeploymentPostprocessing = 0;
		};
		AE1000000000000000000004 /* Sources */ = {
			isa = PBXSourcesBuildPhase;
			buildActionMask = 2147483647;
			files = (
				AB1000000000000000000011 /* MenuBarFlowUITests.swift in Sources */,
			);
			runOnlyForDeploymentPostprocessing = 0;
		};
		BE1000000000000000000001 /* Sources */ = {
			isa = PBXSourcesBuildPhase;
			buildActionMask = 2147483647;
			files = (
				BB1000000000000000000001 /* WidgetSnapshot.swift in Sources */,
				BB1000000000000000000002 /* WidgetSnapshotStore.swift in Sources */,
				BB1000000000000000000003 /* OpecoMacWidget.swift in Sources */,
			);
			runOnlyForDeploymentPostprocessing = 0;
		};
		13F7E1CF0572C659DDF1D97B /* Sources */ = {
			isa = PBXSourcesBuildPhase;
			buildActionMask = 2147483647;
			files = (
				76CA211588DB2CCF3AA69018 /* ShareViewController.swift in Sources */,
				484559DA15BA2211472F630D /* APIClient.swift in Sources */,
				72ACC83D7E5D4A086A531408 /* Base64URL.swift in Sources */,
				47121CD2F6016E9C4D6FAEE7 /* CryptoEngine.swift in Sources */,
				99F2705C84563A16986D111C /* EventDecoder.swift in Sources */,
				937435CB206C7F8A86D02F8A /* KeychainVault.swift in Sources */,
				2350AE03AFB0EB0E47E37849 /* Models.swift in Sources */,
				396EFBC556C86EC126F34339 /* PairingLink.swift in Sources */,
				6EA745B61FBA0ECFBC3FDCD8 /* ProtocolError.swift in Sources */,
				97344363FA53876F239E76BA /* PhotoPreparer.swift in Sources */,
			);
			runOnlyForDeploymentPostprocessing = 0;
		};
		EC55C4531E4D73262A218CAA /* Sources */ = {
			isa = PBXSourcesBuildPhase;
			buildActionMask = 2147483647;
			files = (
				2C6E9B3F00BDDCE3C84C0E94 /* ShareViewController.swift in Sources */,
				4D32F0B8BD87629CFDF3C9B3 /* APIClient.swift in Sources */,
				343627F693140DEBDA576CEE /* Base64URL.swift in Sources */,
				6A8F029D5AEF5AE6794D7B7F /* CryptoEngine.swift in Sources */,
				73122482A1F54F4F9811D0B4 /* EventDecoder.swift in Sources */,
				9D144E15E4CAC0682015D68E /* KeychainVault.swift in Sources */,
				84CE3AD57695F3B879C5D3BF /* Models.swift in Sources */,
				BDAB42A2A335B11EF550C357 /* PairingLink.swift in Sources */,
				BA19B1D13CA0E0EDD5172460 /* ProtocolError.swift in Sources */,
				601ABA5EA5AD78A4B8FBF93A /* PhotoPreparer.swift in Sources */,
			);
			runOnlyForDeploymentPostprocessing = 0;
		};
/* End PBXSourcesBuildPhase section */

/* Begin PBXTargetDependency section */
		A00000000000000000000004 /* PBXTargetDependency */ = {
			isa = PBXTargetDependency;
			target = E00000000000000000000001 /* Opeco */;
			targetProxy = A00000000000000000000003 /* PBXContainerItemProxy */;
		};
		A00000000000000000000006 /* PBXTargetDependency */ = {
			isa = PBXTargetDependency;
			target = E00000000000000000000001 /* Opeco */;
			targetProxy = A00000000000000000000005 /* PBXContainerItemProxy */;
		};
		A61000000000000000000002 /* PBXTargetDependency */ = {
			isa = PBXTargetDependency;
			target = AF1000000000000000000001 /* OpecoMac */;
			targetProxy = A61000000000000000000001 /* PBXContainerItemProxy */;
		};
		B61000000000000000000002 /* PBXTargetDependency */ = {
			isa = PBXTargetDependency;
			target = BF1000000000000000000001 /* OpecoMacWidget */;
			targetProxy = B61000000000000000000001 /* PBXContainerItemProxy */;
		};
		720B8F01C4738928E006384E /* PBXTargetDependency */ = {
			isa = PBXTargetDependency;
			name = OpecoShare;
			target = 8075D34CCFEF368A88CEA5E1 /* OpecoShare */;
			targetProxy = 9277F68E29B3EB1488A86796 /* PBXContainerItemProxy */;
		};
		9E3AB3D59F30552B7FEEC0CA /* PBXTargetDependency */ = {
			isa = PBXTargetDependency;
			name = OpecoMacShare;
			target = 3EDFC914AF7F756B831832F7 /* OpecoMacShare */;
			targetProxy = DEBB93CB474484718E5B3DAA /* PBXContainerItemProxy */;
		};
/* End PBXTargetDependency section */

/* Begin XCBuildConfiguration section */
		G00000000000000000000001 /* Debug */ = {
			isa = XCBuildConfiguration;
			buildSettings = {
				CLANG_ENABLE_MODULES = YES;
				CLANG_ENABLE_OBJC_ARC = YES;
				DEBUG_INFORMATION_FORMAT = dwarf;
				ENABLE_TESTABILITY = YES;
				GCC_C_LANGUAGE_STANDARD = gnu17;
				IPHONEOS_DEPLOYMENT_TARGET = 17.0;
				ONLY_ACTIVE_ARCH = YES;
				SDKROOT = iphoneos;
				SWIFT_ACTIVE_COMPILATION_CONDITIONS = DEBUG;
				SWIFT_OPTIMIZATION_LEVEL = "-Onone";
			};
			name = Debug;
		};
		G00000000000000000000002 /* Release */ = {
			isa = XCBuildConfiguration;
			buildSettings = {
				CLANG_ENABLE_MODULES = YES;
				CLANG_ENABLE_OBJC_ARC = YES;
				DEBUG_INFORMATION_FORMAT = "dwarf-with-dsym";
				GCC_C_LANGUAGE_STANDARD = gnu17;
				IPHONEOS_DEPLOYMENT_TARGET = 17.0;
				SDKROOT = iphoneos;
				SWIFT_COMPILATION_MODE = wholemodule;
				VALIDATE_PRODUCT = YES;
			};
			name = Release;
		};
		G00000000000000000000003 /* Debug */ = {
			isa = XCBuildConfiguration;
			buildSettings = {
				APS_ENVIRONMENT = development;
				ASSETCATALOG_COMPILER_APPICON_NAME = AppIcon;
				CODE_SIGN_ENTITLEMENTS = Opeco/Opeco.entitlements;
				CODE_SIGN_STYLE = Automatic;
				CURRENT_PROJECT_VERSION = 2026092001;
				DEVELOPMENT_TEAM = TDW896YLJ7;
				ENABLE_PREVIEWS = YES;
				GENERATE_INFOPLIST_FILE = NO;
				INFOPLIST_FILE = Opeco/Info.plist;
				MARKETING_VERSION = 2026.9.20;
				PRODUCT_BUNDLE_IDENTIFIER = link.opeco.app;
				PRODUCT_NAME = "$(TARGET_NAME)";
				SUPPORTED_PLATFORMS = "iphoneos iphonesimulator";
				SUPPORTS_MACCATALYST = NO;
				SWIFT_EMIT_LOC_STRINGS = YES;
				SWIFT_VERSION = 5.0;
				TARGETED_DEVICE_FAMILY = "1,2";
			};
			name = Debug;
		};
		G00000000000000000000004 /* Release */ = {
			isa = XCBuildConfiguration;
			buildSettings = {
				APS_ENVIRONMENT = production;
				ASSETCATALOG_COMPILER_APPICON_NAME = AppIcon;
				CODE_SIGN_ENTITLEMENTS = Opeco/Opeco.entitlements;
				CODE_SIGN_STYLE = Automatic;
				CURRENT_PROJECT_VERSION = 2026092001;
				DEVELOPMENT_TEAM = TDW896YLJ7;
				ENABLE_PREVIEWS = YES;
				GENERATE_INFOPLIST_FILE = NO;
				INFOPLIST_FILE = Opeco/Info.plist;
				MARKETING_VERSION = 2026.9.20;
				PRODUCT_BUNDLE_IDENTIFIER = link.opeco.app;
				PRODUCT_NAME = "$(TARGET_NAME)";
				SUPPORTED_PLATFORMS = "iphoneos iphonesimulator";
				SUPPORTS_MACCATALYST = NO;
				SWIFT_EMIT_LOC_STRINGS = YES;
				SWIFT_VERSION = 5.0;
				TARGETED_DEVICE_FAMILY = "1,2";
			};
			name = Release;
		};
		G00000000000000000000005 /* Debug */ = {
			isa = XCBuildConfiguration;
			buildSettings = {
				BUNDLE_LOADER = "$(TEST_HOST)";
				CODE_SIGN_STYLE = Automatic;
				GENERATE_INFOPLIST_FILE = YES;
				IPHONEOS_DEPLOYMENT_TARGET = 17.0;
				PRODUCT_BUNDLE_IDENTIFIER = link.opeco.app.tests;
				PRODUCT_NAME = "$(TARGET_NAME)";
				SWIFT_VERSION = 5.0;
				TARGETED_DEVICE_FAMILY = "1,2";
				TEST_HOST = "$(BUILT_PRODUCTS_DIR)/Opeco.app/$(BUNDLE_EXECUTABLE_FOLDER_PATH)/Opeco";
			};
			name = Debug;
		};
		G00000000000000000000006 /* Release */ = {
			isa = XCBuildConfiguration;
			buildSettings = {
				BUNDLE_LOADER = "$(TEST_HOST)";
				CODE_SIGN_STYLE = Automatic;
				GENERATE_INFOPLIST_FILE = YES;
				IPHONEOS_DEPLOYMENT_TARGET = 17.0;
				PRODUCT_BUNDLE_IDENTIFIER = link.opeco.app.tests;
				PRODUCT_NAME = "$(TARGET_NAME)";
				SWIFT_VERSION = 5.0;
				TARGETED_DEVICE_FAMILY = "1,2";
				TEST_HOST = "$(BUILT_PRODUCTS_DIR)/Opeco.app/$(BUNDLE_EXECUTABLE_FOLDER_PATH)/Opeco";
			};
			name = Release;
		};
		G00000000000000000000007 /* Debug */ = {
			isa = XCBuildConfiguration;
			buildSettings = {
				CODE_SIGN_STYLE = Automatic;
				GENERATE_INFOPLIST_FILE = YES;
				IPHONEOS_DEPLOYMENT_TARGET = 17.0;
				PRODUCT_BUNDLE_IDENTIFIER = link.opeco.app.uitests;
				PRODUCT_NAME = "$(TARGET_NAME)";
				SWIFT_VERSION = 5.0;
				TARGETED_DEVICE_FAMILY = "1,2";
				TEST_TARGET_NAME = Opeco;
			};
			name = Debug;
		};
		G00000000000000000000008 /* Release */ = {
			isa = XCBuildConfiguration;
			buildSettings = {
				CODE_SIGN_STYLE = Automatic;
				GENERATE_INFOPLIST_FILE = YES;
				IPHONEOS_DEPLOYMENT_TARGET = 17.0;
				PRODUCT_BUNDLE_IDENTIFIER = link.opeco.app.uitests;
				PRODUCT_NAME = "$(TARGET_NAME)";
				SWIFT_VERSION = 5.0;
				TARGETED_DEVICE_FAMILY = "1,2";
				TEST_TARGET_NAME = Opeco;
			};
			name = Release;
		};
		A81000000000000000000001 /* Debug */ = {
			isa = XCBuildConfiguration;
			buildSettings = {
				APP_GROUP_IDENTIFIER = TDW896YLJ7.link.opeco.app.shared;
				APS_ENVIRONMENT = development;
				ASSETCATALOG_COMPILER_APPICON_NAME = AppIcon;
				CODE_SIGN_ENTITLEMENTS = "$(MAC_APP_ENTITLEMENTS)";
				CODE_SIGN_STYLE = Automatic;
				CURRENT_PROJECT_VERSION = 2026092001;
				DEVELOPMENT_TEAM = TDW896YLJ7;
				ENABLE_HARDENED_RUNTIME = YES;
				ENABLE_PREVIEWS = YES;
				GENERATE_INFOPLIST_FILE = NO;
				INFOPLIST_FILE = ../macos/OpecoMac/Info.plist;
				MACOSX_DEPLOYMENT_TARGET = 14.0;
				MAC_APP_ENTITLEMENTS = ../macos/OpecoMac/OpecoMac.entitlements;
				MARKETING_VERSION = 2026.9.20;
				PRODUCT_BUNDLE_IDENTIFIER = link.opeco.app;
				PRODUCT_NAME = OpecoMac;
				SDKROOT = macosx;
				SUPPORTED_PLATFORMS = macosx;
				SWIFT_EMIT_LOC_STRINGS = YES;
				SWIFT_VERSION = 5.0;
			};
			name = Debug;
		};
		A81000000000000000000002 /* Release */ = {
			isa = XCBuildConfiguration;
			buildSettings = {
				APP_GROUP_IDENTIFIER = TDW896YLJ7.link.opeco.app.shared;
				APS_ENVIRONMENT = production;
				ASSETCATALOG_COMPILER_APPICON_NAME = AppIcon;
				CODE_SIGN_ENTITLEMENTS = "$(MAC_APP_ENTITLEMENTS)";
				CODE_SIGN_STYLE = Automatic;
				CURRENT_PROJECT_VERSION = 2026092001;
				DEVELOPMENT_TEAM = TDW896YLJ7;
				ENABLE_HARDENED_RUNTIME = YES;
				ENABLE_PREVIEWS = YES;
				GENERATE_INFOPLIST_FILE = NO;
				INFOPLIST_FILE = ../macos/OpecoMac/Info.plist;
				MACOSX_DEPLOYMENT_TARGET = 14.0;
				MAC_APP_ENTITLEMENTS = ../macos/OpecoMac/OpecoMac.entitlements;
				MARKETING_VERSION = 2026.9.20;
				PRODUCT_BUNDLE_IDENTIFIER = link.opeco.app;
				PRODUCT_NAME = OpecoMac;
				SDKROOT = macosx;
				SUPPORTED_PLATFORMS = macosx;
				SWIFT_EMIT_LOC_STRINGS = YES;
				SWIFT_VERSION = 5.0;
			};
			name = Release;
		};
		A81000000000000000000003 /* Debug */ = {
			isa = XCBuildConfiguration;
			buildSettings = {
				CODE_SIGN_STYLE = Automatic;
				GENERATE_INFOPLIST_FILE = YES;
				MACOSX_DEPLOYMENT_TARGET = 14.0;
				PRODUCT_BUNDLE_IDENTIFIER = link.opeco.app.mac.uitests;
				PRODUCT_NAME = "$(TARGET_NAME)";
				SDKROOT = macosx;
				SWIFT_VERSION = 5.0;
				TEST_TARGET_NAME = OpecoMac;
			};
			name = Debug;
		};
		A81000000000000000000004 /* Release */ = {
			isa = XCBuildConfiguration;
			buildSettings = {
				CODE_SIGN_STYLE = Automatic;
				GENERATE_INFOPLIST_FILE = YES;
				MACOSX_DEPLOYMENT_TARGET = 14.0;
				PRODUCT_BUNDLE_IDENTIFIER = link.opeco.app.mac.uitests;
				PRODUCT_NAME = "$(TARGET_NAME)";
				SDKROOT = macosx;
				SWIFT_VERSION = 5.0;
				TEST_TARGET_NAME = OpecoMac;
			};
			name = Release;
		};
		B81000000000000000000001 /* Debug */ = {
			isa = XCBuildConfiguration;
			buildSettings = {
				APPLICATION_EXTENSION_API_ONLY = YES;
				APP_GROUP_IDENTIFIER = TDW896YLJ7.link.opeco.app.shared;
				CODE_SIGN_ENTITLEMENTS = "$(MAC_WIDGET_ENTITLEMENTS)";
				CODE_SIGN_STYLE = Automatic;
				CURRENT_PROJECT_VERSION = 2026092001;
				DEVELOPMENT_TEAM = TDW896YLJ7;
				GENERATE_INFOPLIST_FILE = NO;
				INFOPLIST_FILE = ../macos/OpecoMacWidget/Info.plist;
				MACOSX_DEPLOYMENT_TARGET = 14.0;
				MAC_WIDGET_ENTITLEMENTS = ../macos/OpecoMacWidget/OpecoMacWidget.entitlements;
				MARKETING_VERSION = 2026.9.20;
				PRODUCT_BUNDLE_IDENTIFIER = link.opeco.app.widget;
				PRODUCT_NAME = "$(TARGET_NAME)";
				SDKROOT = macosx;
				SKIP_INSTALL = YES;
				SUPPORTED_PLATFORMS = macosx;
				SWIFT_EMIT_LOC_STRINGS = YES;
				SWIFT_VERSION = 5.0;
			};
			name = Debug;
		};
		B81000000000000000000002 /* Release */ = {
			isa = XCBuildConfiguration;
			buildSettings = {
				APPLICATION_EXTENSION_API_ONLY = YES;
				APP_GROUP_IDENTIFIER = TDW896YLJ7.link.opeco.app.shared;
				CODE_SIGN_ENTITLEMENTS = "$(MAC_WIDGET_ENTITLEMENTS)";
				CODE_SIGN_STYLE = Automatic;
				CURRENT_PROJECT_VERSION = 2026092001;
				DEVELOPMENT_TEAM = TDW896YLJ7;
				GENERATE_INFOPLIST_FILE = NO;
				INFOPLIST_FILE = ../macos/OpecoMacWidget/Info.plist;
				MACOSX_DEPLOYMENT_TARGET = 14.0;
				MAC_WIDGET_ENTITLEMENTS = ../macos/OpecoMacWidget/OpecoMacWidget.entitlements;
				MARKETING_VERSION = 2026.9.20;
				PRODUCT_BUNDLE_IDENTIFIER = link.opeco.app.widget;
				PRODUCT_NAME = "$(TARGET_NAME)";
				SDKROOT = macosx;
				SKIP_INSTALL = YES;
				SUPPORTED_PLATFORMS = macosx;
				SWIFT_EMIT_LOC_STRINGS = YES;
				SWIFT_VERSION = 5.0;
			};
			name = Release;
		};
		1443AA4EE31EAC83865643C6 /* Release */ = {
			isa = XCBuildConfiguration;
			buildSettings = {
				APPLICATION_EXTENSION_API_ONLY = YES;
				CLANG_ENABLE_OBJC_WEAK = NO;
				CODE_SIGN_ENTITLEMENTS = OpecoShare/Share.entitlements;
				CODE_SIGN_STYLE = Automatic;
				CURRENT_PROJECT_VERSION = 2026092001;
				DEVELOPMENT_TEAM = TDW896YLJ7;
				GENERATE_INFOPLIST_FILE = NO;
				INFOPLIST_FILE = OpecoShare/Info.plist;
				IPHONEOS_DEPLOYMENT_TARGET = 17.0;
				MARKETING_VERSION = 2026.9.20;
				PRODUCT_BUNDLE_IDENTIFIER = link.opeco.app.share;
				PRODUCT_NAME = "$(TARGET_NAME)";
				SDKROOT = iphoneos;
				SKIP_INSTALL = YES;
				SWIFT_VERSION = 5.0;
				VALIDATE_PRODUCT = YES;
			};
			name = Release;
		};
		41D2EFAE0C599C0E6D85675C /* Release */ = {
			isa = XCBuildConfiguration;
			buildSettings = {
				APPLICATION_EXTENSION_API_ONLY = YES;
				CODE_SIGN_ENTITLEMENTS = "$(MAC_SHARE_ENTITLEMENTS)";
				MAC_SHARE_ENTITLEMENTS = OpecoShare/Share.entitlements;
				CODE_SIGN_STYLE = Automatic;
				CURRENT_PROJECT_VERSION = 2026092001;
				DEVELOPMENT_TEAM = TDW896YLJ7;
				ENABLE_APP_SANDBOX = YES;
				GENERATE_INFOPLIST_FILE = NO;
				INFOPLIST_FILE = OpecoShare/Info.plist;
				MACOSX_DEPLOYMENT_TARGET = 14.0;
				MARKETING_VERSION = 2026.9.20;
				PRODUCT_BUNDLE_IDENTIFIER = link.opeco.app.share;
				PRODUCT_NAME = "$(TARGET_NAME)";
				SDKROOT = macosx;
				SKIP_INSTALL = YES;
				SWIFT_VERSION = 5.0;
			};
			name = Release;
		};
		62989D6F7E9E876F7454CD6D /* Debug */ = {
			isa = XCBuildConfiguration;
			buildSettings = {
				APPLICATION_EXTENSION_API_ONLY = YES;
				CODE_SIGN_ENTITLEMENTS = "$(MAC_SHARE_ENTITLEMENTS)";
				MAC_SHARE_ENTITLEMENTS = OpecoShare/Share.entitlements;
				CODE_SIGN_STYLE = Automatic;
				CURRENT_PROJECT_VERSION = 2026092001;
				DEVELOPMENT_TEAM = TDW896YLJ7;
				ENABLE_APP_SANDBOX = YES;
				GENERATE_INFOPLIST_FILE = NO;
				INFOPLIST_FILE = OpecoShare/Info.plist;
				MACOSX_DEPLOYMENT_TARGET = 14.0;
				MARKETING_VERSION = 2026.9.20;
				PRODUCT_BUNDLE_IDENTIFIER = link.opeco.app.share;
				PRODUCT_NAME = "$(TARGET_NAME)";
				SDKROOT = macosx;
				SKIP_INSTALL = YES;
				SWIFT_VERSION = 5.0;
			};
			name = Debug;
		};
		B7747E4CE5118F4C815A94D3 /* Debug */ = {
			isa = XCBuildConfiguration;
			buildSettings = {
				APPLICATION_EXTENSION_API_ONLY = YES;
				CLANG_ENABLE_OBJC_WEAK = NO;
				CODE_SIGN_ENTITLEMENTS = OpecoShare/Share.entitlements;
				CODE_SIGN_STYLE = Automatic;
				CURRENT_PROJECT_VERSION = 2026092001;
				DEVELOPMENT_TEAM = TDW896YLJ7;
				GENERATE_INFOPLIST_FILE = NO;
				INFOPLIST_FILE = OpecoShare/Info.plist;
				IPHONEOS_DEPLOYMENT_TARGET = 17.0;
				MARKETING_VERSION = 2026.9.20;
				PRODUCT_BUNDLE_IDENTIFIER = link.opeco.app.share;
				PRODUCT_NAME = "$(TARGET_NAME)";
				SDKROOT = iphoneos;
				SKIP_INSTALL = YES;
				SWIFT_VERSION = 5.0;
			};
			name = Debug;
		};
/* End XCBuildConfiguration section */

/* Begin XCConfigurationList section */
		F00000000000000000000001 /* Build configuration list for PBXProject "Opeco" */ = {
			isa = XCConfigurationList;
			buildConfigurations = (
				G00000000000000000000001 /* Debug */,
				G00000000000000000000002 /* Release */,
			);
			defaultConfigurationIsVisible = 0;
			defaultConfigurationName = Release;
		};
		F00000000000000000000002 /* Build configuration list for PBXNativeTarget "Opeco" */ = {
			isa = XCConfigurationList;
			buildConfigurations = (
				G00000000000000000000003 /* Debug */,
				G00000000000000000000004 /* Release */,
			);
			defaultConfigurationIsVisible = 0;
			defaultConfigurationName = Release;
		};
		F00000000000000000000003 /* Build configuration list for PBXNativeTarget "OpecoTests" */ = {
			isa = XCConfigurationList;
			buildConfigurations = (
				G00000000000000000000005 /* Debug */,
				G00000000000000000000006 /* Release */,
			);
			defaultConfigurationIsVisible = 0;
			defaultConfigurationName = Release;
		};
		F00000000000000000000004 /* Build configuration list for PBXNativeTarget "OpecoUITests" */ = {
			isa = XCConfigurationList;
			buildConfigurations = (
				G00000000000000000000007 /* Debug */,
				G00000000000000000000008 /* Release */,
			);
			defaultConfigurationIsVisible = 0;
			defaultConfigurationName = Release;
		};
		A71000000000000000000001 /* Build configuration list for PBXNativeTarget "OpecoMac" */ = {
			isa = XCConfigurationList;
			buildConfigurations = (
				A81000000000000000000001 /* Debug */,
				A81000000000000000000002 /* Release */,
			);
			defaultConfigurationIsVisible = 0;
			defaultConfigurationName = Release;
		};
		A71000000000000000000002 /* Build configuration list for PBXNativeTarget "OpecoMacUITests" */ = {
			isa = XCConfigurationList;
			buildConfigurations = (
				A81000000000000000000003 /* Debug */,
				A81000000000000000000004 /* Release */,
			);
			defaultConfigurationIsVisible = 0;
			defaultConfigurationName = Release;
		};
		B71000000000000000000001 /* Build configuration list for PBXNativeTarget "OpecoMacWidget" */ = {
			isa = XCConfigurationList;
			buildConfigurations = (
				B81000000000000000000001 /* Debug */,
				B81000000000000000000002 /* Release */,
			);
			defaultConfigurationIsVisible = 0;
			defaultConfigurationName = Release;
		};
		91BCD3A026DAFFCE60F4E670 /* Build configuration list for PBXNativeTarget "OpecoMacShare" */ = {
			isa = XCConfigurationList;
			buildConfigurations = (
				41D2EFAE0C599C0E6D85675C /* Release */,
				62989D6F7E9E876F7454CD6D /* Debug */,
			);
			defaultConfigurationIsVisible = 0;
			defaultConfigurationName = Release;
		};
		D2C42DA34BE0C1CEDA54FCB8 /* Build configuration list for PBXNativeTarget "OpecoShare" */ = {
			isa = XCConfigurationList;
			buildConfigurations = (
				1443AA4EE31EAC83865643C6 /* Release */,
				B7747E4CE5118F4C815A94D3 /* Debug */,
			);
			defaultConfigurationIsVisible = 0;
			defaultConfigurationName = Release;
		};
/* End XCConfigurationList section */
	};
	rootObject = A00000000000000000000001 /* Project object */;
}
